// !$*UTF8*$!
{
	archiveVersion = 1;
	classes = {
	};
	objectVersion = 46;
	objects = {

/* Begin PBXBuildFile section */
		764093C119912E95003337E2 /* Foundation.framework in Frameworks */ = {isa = PBXBuildFile; fileRef = 764093C019912E95003337E2 /* Foundation.framework */; };
		764093C319912E95003337E2 /* CoreGraphics.framework in Frameworks */ = {isa = PBXBuildFile; fileRef = 764093C219912E95003337E2 /* CoreGraphics.framework */; };
		764093C519912E95003337E2 /* UIKit.framework in Frameworks */ = {isa = PBXBuildFile; fileRef = 764093C419912E95003337E2 /* UIKit.framework */; };
		764093CB19912E95003337E2 /* InfoPlist.strings in Resources */ = {isa = PBXBuildFile; fileRef = 764093C919912E95003337E2 /* InfoPlist.strings */; };
		764093CD19912E95003337E2 /* main.m in Sources */ = {isa = PBXBuildFile; fileRef = 764093CC19912E95003337E2 /* main.m */; };
		764093D119912E95003337E2 /* HYAppDelegate.m in Sources */ = {isa = PBXBuildFile; fileRef = 764093D019912E95003337E2 /* HYAppDelegate.m */; };
		764093D419912E96003337E2 /* Main.storyboard in Resources */ = {isa = PBXBuildFile; fileRef = 764093D219912E96003337E2 /* Main.storyboard */; };
		764093D719912E96003337E2 /* HYViewController.m in Sources */ = {isa = PBXBuildFile; fileRef = 764093D619912E96003337E2 /* HYViewController.m */; };
		764093D919912E96003337E2 /* Images.xcassets in Resources */ = {isa = PBXBuildFile; fileRef = 764093D819912E96003337E2 /* Images.xcassets */; };
		764093E019912E96003337E2 /* XCTest.framework in Frameworks */ = {isa = PBXBuildFile; fileRef = 764093DF19912E96003337E2 /* XCTest.framework */; };
		764093E119912E96003337E2 /* Foundation.framework in Frameworks */ = {isa = PBXBuildFile; fileRef = 764093C019912E95003337E2 /* Foundation.framework */; };
		764093E219912E96003337E2 /* UIKit.framework in Frameworks */ = {isa = PBXBuildFile; fileRef = 764093C419912E95003337E2 /* UIKit.framework */; };
		764093EA19912E96003337E2 /* InfoPlist.strings in Resources */ = {isa = PBXBuildFile; fileRef = 764093E819912E96003337E2 /* InfoPlist.strings */; };
		764093EC19912E96003337E2 /* iosPractiseTests.m in Sources */ = {isa = PBXBuildFile; fileRef = 764093EB19912E96003337E2 /* iosPractiseTests.m */; };
/* End PBXBuildFile section */

/* Begin PBXContainerItemProxy section */
		764093E319912E96003337E2 /* PBXContainerItemProxy */ = {
			isa = PBXContainerItemProxy;
			containerPortal = 764093B519912E95003337E2 /* Project object */;
			proxyType = 1;
			remoteGlobalIDString = 764093BC19912E95003337E2;
			remoteInfo = iosPractise;
		};
/* End PBXContainerItemProxy section */

/* Begin PBXFileReference section */
		764093BD19912E95003337E2 /* iosPractise.app */ = {isa = PBXFileReference; explicitFileType = wrapper.application; includeInIndex = 0; path = iosPractise.app; sourceTree = BUILT_PRODUCTS_DIR; };
		764093C019912E95003337E2 /* Foundation.framework */ = {isa = PBXFileReference; lastKnownFileType = wrapper.framework; name = Foundation.framework; path = System/Library/Frameworks/Foundation.framework; sourceTree = SDKROOT; };
		764093C219912E95003337E2 /* CoreGraphics.framework */ = {isa = PBXFileReference; lastKnownFileType = wrapper.framework; name = CoreGraphics.framework; path = System/Library/Frameworks/CoreGraphics.framework; sourceTree = SDKROOT; };
		764093C419912E95003337E2 /* UIKit.framework */ = {isa = PBXFileReference; lastKnownFileType = wrapper.framework; name = UIKit.framework; path = System/Library/Frameworks/UIKit.framework; sourceTree = SDKROOT; };
		764093C819912E95003337E2 /* iosPractise-Info.plist */ = {isa = PBXFileReference; lastKnownFileType = text.plist.xml; path = "iosPractise-Info.plist"; sourceTree = "<group>"; };
		764093CA19912E95003337E2 /* en */ = {isa = PBXFileReference; lastKnownFileType = text.plist.strings; name = en; path = en.lproj/InfoPlist.strings; sourceTree = "<group>"; };
		764093CC19912E95003337E2 /* main.m */ = {isa = PBXFileReference; lastKnownFileType = sourcecode.c.objc; path = main.m; sourceTree = "<group>"; };
		764093CE19912E95003337E2 /* iosPractise-Prefix.pch */ = {isa = PBXFileReference; lastKnownFileType = sourcecode.c.h; path = "iosPractise-Prefix.pch"; sourceTree = "<group>"; };
		764093CF19912E95003337E2 /* HYAppDelegate.h */ = {isa = PBXFileReference; lastKnownFileType = sourcecode.c.h; path = HYAppDelegate.h; sourceTree = "<group>"; };
		764093D019912E95003337E2 /* HYAppDelegate.m */ = {isa = PBXFileReference; lastKnownFileType = sourcecode.c.objc; path = HYAppDelegate.m; sourceTree = "<group>"; };
		764093D319912E96003337E2 /* Base */ = {isa = PBXFileReference; lastKnownFileType = file.storyboard; name = Base; path = Base.lproj/Main.storyboard; sourceTree = "<group>"; };
		764093D519912E96003337E2 /* HYViewController.h */ = {isa = PBXFileReference; lastKnownFileType = sourcecode.c.h; path = HYViewController.h; sourceTree = "<group>"; };
		764093D619912E96003337E2 /* HYViewController.m */ = {isa = PBXFileReference; lastKnownFileType = sourcecode.c.objc; path = HYViewController.m; sourceTree = "<group>"; };
		764093D819912E96003337E2 /* Images.xcassets */ = {isa = PBXFileReference; lastKnownFileType = folder.assetcatalog; path = Images.xcassets; sourceTree = "<group>"; };
		764093DE19912E96003337E2 /* iosPractiseTests.xctest */ = {isa = PBXFileReference; explicitFileType = wrapper.cfbundle; includeInIndex = 0; path = iosPractiseTests.xctest; sourceTree = BUILT_PRODUCTS_DIR; };
		764093DF19912E96003337E2 /* XCTest.framework */ = {isa = PBXFileReference; lastKnownFileType = wrapper.framework; name = XCTest.framework; path = Library/Frameworks/XCTest.framework; sourceTree = DEVELOPER_DIR; };
		764093E719912E96003337E2 /* iosPractiseTests-Info.plist */ = {isa = PBXFileReference; lastKnownFileType = text.plist.xml; path = "iosPractiseTests-Info.plist"; sourceTree = "<group>"; };
		764093E919912E96003337E2 /* en */ = {isa = PBXFileReference; lastKnownFileType = text.plist.strings; name = en; path = en.lproj/InfoPlist.strings; sourceTree = "<group>"; };
		764093EB19912E96003337E2 /* iosPractiseTests.m */ = {isa = PBXFileReference; lastKnownFileType = sourcecode.c.objc; path = iosPractiseTests.m; sourceTree = "<group>"; };
/* End PBXFileReference section */

/* Begin PBXFrameworksBuildPhase section */
		764093BA19912E95003337E2 /* Frameworks */ = {
			isa = PBXFrameworksBuildPhase;
			buildActionMask = 2147483647;
			files = (
				764093C319912E95003337E2 /* CoreGraphics.framework in Frameworks */,
				764093C519912E95003337E2 /* UIKit.framework in Frameworks */,
				764093C119912E95003337E2 /* Foundation.framework in Frameworks */,
			);
			runOnlyForDeploymentPostprocessing = 0;
		};
		764093DB19912E96003337E2 /* Frameworks */ = {
			isa = PBXFrameworksBuildPhase;
			buildActionMask = 2147483647;
			files = (
				764093E019912E96003337E2 /* XCTest.framework in Frameworks */,
				764093E219912E96003337E2 /* UIKit.framework in Frameworks */,
				764093E119912E96003337E2 /* Foundation.framework in Frameworks */,
			);
			runOnlyForDeploymentPostprocessing = 0;
		};
/* End PBXFrameworksBuildPhase section */

/* Begin PBXGroup section */
		764093B419912E95003337E2 = {
			isa = PBXGroup;
			children = (
				764093C619912E95003337E2 /* iosPractise */,
				764093E519912E96003337E2 /* iosPractiseTests */,
				764093BF19912E95003337E2 /* Frameworks */,
				764093BE19912E95003337E2 /* Products */,
			);
			sourceTree = "<group>";
		};
		764093BE19912E95003337E2 /* Products */ = {
			isa = PBXGroup;
			children = (
				764093BD19912E95003337E2 /* iosPractise.app */,
				764093DE19912E96003337E2 /* iosPractiseTests.xctest */,
			);
			name = Products;
			sourceTree = "<group>";
		};
		764093BF19912E95003337E2 /* Frameworks */ = {
			isa = PBXGroup;
			children = (
				764093C019912E95003337E2 /* Foundation.framework */,
				764093C219912E95003337E2 /* CoreGraphics.framework */,
				764093C419912E95003337E2 /* UIKit.framework */,
				764093DF19912E96003337E2 /* XCTest.framework */,
			);
			name = Frameworks;
			sourceTree = "<group>";
		};
		764093C619912E95003337E2 /* iosPractise */ = {
			isa = PBXGroup;
			children = (
				764093CF19912E95003337E2 /* HYAppDelegate.h */,
				764093D019912E95003337E2 /* HYAppDelegate.m */,
				764093D219912E96003337E2 /* Main.storyboard */,
				764093D519912E96003337E2 /* HYViewController.h */,
				764093D619912E96003337E2 /* HYViewController.m */,
				764093D819912E96003337E2 /* Images.xcassets */,
				764093C719912E95003337E2 /* Supporting Files */,
			);
			path = iosPractise;
			sourceTree = "<group>";
		};
		764093C719912E95003337E2 /* Supporting Files */ = {
			isa = PBXGroup;
			children = (
				764093C819912E95003337E2 /* iosPractise-Info.plist */,
				764093C919912E95003337E2 /* InfoPlist.strings */,
				764093CC19912E95003337E2 /* main.m */,
				764093CE19912E95003337E2 /* iosPractise-Prefix.pch */,
			);
			name = "Supporting Files";
			sourceTree = "<group>";
		};
		764093E519912E96003337E2 /* iosPractiseTests */ = {
			isa = PBXGroup;
			children = (
				764093EB19912E96003337E2 /* iosPractiseTests.m */,
				764093E619912E96003337E2 /* Supporting Files */,
			);
			path = iosPractiseTests;
			sourceTree = "<group>";
		};
		764093E619912E96003337E2 /* Supporting Files */ = {
			isa = PBXGroup;
			children = (
				764093E719912E96003337E2 /* iosPractiseTests-Info.plist */,
				764093E819912E96003337E2 /* InfoPlist.strings */,
			);
			name = "Supporting Files";
			sourceTree = "<group>";
		};
/* End PBXGroup section */

/* Begin PBXNativeTarget section */
		764093BC19912E95003337E2 /* iosPractise */ = {
			isa = PBXNativeTarget;
			buildConfigurationList = 764093EF19912E96003337E2 /* Build configuration list for PBXNativeTarget "iosPractise" */;
			buildPhases = (
				764093B919912E95003337E2 /* Sources */,
				764093BA19912E95003337E2 /* Frameworks */,
				764093BB19912E95003337E2 /* Resources */,
			);
			buildRules = (
			);
			dependencies = (
			);
			name = iosPractise;
			productName = iosPractise;
			productReference = 764093BD19912E95003337E2 /* iosPractise.app */;
			productType = "com.apple.product-type.application";
		};
		764093DD19912E96003337E2 /* iosPractiseTests */ = {
			isa = PBXNativeTarget;
			buildConfigurationList = 764093F219912E96003337E2 /* Build configuration list for PBXNativeTarget "iosPractiseTests" */;
			buildPhases = (
				764093DA19912E96003337E2 /* Sources */,
				764093DB19912E96003337E2 /* Frameworks */,
				764093DC19912E96003337E2 /* Resources */,
			);
			buildRules = (
			);
			dependencies = (
				764093E419912E96003337E2 /* PBXTargetDependency */,
			);
			name = iosPractiseTests;
			productName = iosPractiseTests;
			productReference = 764093DE19912E96003337E2 /* iosPractiseTests.xctest */;
			productType = "com.apple.product-type.bundle.unit-test";
		};
/* End PBXNativeTarget section */

/* Begin PBXProject section */
		764093B519912E95003337E2 /* Project object */ = {
			isa = PBXProject;
			attributes = {
				CLASSPREFIX = HY;
				LastUpgradeCheck = 0510;
				ORGANIZATIONNAME = "___HanYue___";
				TargetAttributes = {
					764093DD19912E96003337E2 = {
						TestTargetID = 764093BC19912E95003337E2;
					};
				};
			};
			buildConfigurationList = 764093B819912E95003337E2 /* Build configuration list for PBXProject "iosPractise" */;
			compatibilityVersion = "Xcode 3.2";
			developmentRegion = English;
			hasScannedForEncodings = 0;
			knownRegions = (
				en,
				Base,
			);
			mainGroup = 764093B419912E95003337E2;
			productRefGroup = 764093BE19912E95003337E2 /* Products */;
			projectDirPath = "";
			projectRoot = "";
			targets = (
				764093BC19912E95003337E2 /* iosPractise */,
				764093DD19912E96003337E2 /* iosPractiseTests */,
			);
		};
/* End PBXProject section */

/* Begin PBXResourcesBuildPhase section */
		764093BB19912E95003337E2 /* Resources */ = {
			isa = PBXResourcesBuildPhase;
			buildActionMask = 2147483647;
			files = (
				764093D919912E96003337E2 /* Images.xcassets in Resources */,
				764093CB19912E95003337E2 /* InfoPlist.strings in Resources */,
				764093D419912E96003337E2 /* Main.storyboard in Resources */,
			);
			runOnlyForDeploymentPostprocessing = 0;
		};
		764093DC19912E96003337E2 /* Resources */ = {
			isa = PBXResourcesBuildPhase;
			buildActionMask = 2147483647;
			files = (
				764093EA19912E96003337E2 /* InfoPlist.strings in Resources */,
			);
			runOnlyForDeploymentPostprocessing = 0;
		};
/* End PBXResourcesBuildPhase section */

/* Begin PBXSourcesBuildPhase section */
		764093B919912E95003337E2 /* Sources */ = {
			isa = PBXSourcesBuildPhase;
			buildActionMask = 2147483647;
			files = (
				764093D719912E96003337E2 /* HYViewController.m in Sources */,
				764093CD19912E95003337E2 /* main.m in Sources */,
				764093D119912E95003337E2 /* HYAppDelegate.m in Sources */,
			);
			runOnlyForDeploymentPostprocessing = 0;
		};
		764093DA19912E96003337E2 /* Sources */ = {
			isa = PBXSourcesBuildPhase;
			buildActionMask = 2147483647;
			files = (
				764093EC19912E96003337E2 /* iosPractiseTests.m in Sources */,
			);
			runOnlyForDeploymentPostprocessing = 0;
		};
/* End PBXSourcesBuildPhase section */

/* Begin PBXTargetDependency section */
		764093E419912E96003337E2 /* PBXTargetDependency */ = {
			isa = PBXTargetDependency;
			target = 764093BC19912E95003337E2 /* iosPractise */;
			targetProxy = 764093E319912E96003337E2 /* PBXContainerItemProxy */;
		};
/* End PBXTargetDependency section */

/* Begin PBXVariantGroup section */
		764093C919912E95003337E2 /* InfoPlist.strings */ = {
			isa = PBXVariantGroup;
			children = (
				764093CA19912E95003337E2 /* en */,
			);
			name = InfoPlist.strings;
			sourceTree = "<group>";
		};
		764093D219912E96003337E2 /* Main.storyboard */ = {
			isa = PBXVariantGroup;
			children = (
				764093D319912E96003337E2 /* Base */,
			);
			name = Main.storyboard;
			sourceTree = "<group>";
		};
		764093E819912E96003337E2 /* InfoPlist.strings */ = {
			isa = PBXVariantGroup;
			children = (
				764093E919912E96003337E2 /* en */,
			);
			name = InfoPlist.strings;
			sourceTree = "<group>";
		};
/* End PBXVariantGroup section */

/* Begin XCBuildConfiguration section */
		764093ED19912E96003337E2 /* Debug */ = {
			isa = XCBuildConfiguration;
			buildSettings = {
				ALWAYS_SEARCH_USER_PATHS = NO;
				CLANG_CXX_LANGUAGE_STANDARD = "gnu++0x";
				CLANG_CXX_LIBRARY = "libc++";
				CLANG_ENABLE_MODULES = YES;
				CLANG_ENABLE_OBJC_ARC = YES;
				CLANG_WARN_BOOL_CONVERSION = YES;
				CLANG_WARN_CONSTANT_CONVERSION = YES;
				CLANG_WARN_DIRECT_OBJC_ISA_USAGE = YES_ERROR;
				CLANG_WARN_EMPTY_BODY = YES;
				CLANG_WARN_ENUM_CONVERSION = YES;
				CLANG_WARN_INT_CONVERSION = YES;
				CLANG_WARN_OBJC_ROOT_CLASS = YES_ERROR;
				CLANG_WARN__DUPLICATE_METHOD_MATCH = YES;
				"CODE_SIGN_IDENTITY[sdk=iphoneos*]" = "iPhone Developer";
				COPY_PHASE_STRIP = NO;
				GCC_C_LANGUAGE_STANDARD = gnu99;
				GCC_DYNAMIC_NO_PIC = NO;
				GCC_OPTIMIZATION_LEVEL = 0;
				GCC_PREPROCESSOR_DEFINITIONS = (
					"DEBUG=1",
					"$(inherited)",
				);
				GCC_SYMBOLS_PRIVATE_EXTERN = NO;
				GCC_WARN_64_TO_32_BIT_CONVERSION = YES;
				GCC_WARN_ABOUT_RETURN_TYPE = YES_ERROR;
				GCC_WARN_UNDECLARED_SELECTOR = YES;
				GCC_WARN_UNINITIALIZED_AUTOS = YES_AGGRESSIVE;
				GCC_WARN_UNUSED_FUNCTION = YES;
				GCC_WARN_UNUSED_VARIABLE = YES;
				IPHONEOS_DEPLOYMENT_TARGET = 7.1;
				ONLY_ACTIVE_ARCH = YES;
				SDKROOT = iphoneos;
				TARGETED_DEVICE_FAMILY = 2;
			};
			name = Debug;
		};
		764093EE19912E96003337E2 /* Release */ = {
			isa = XCBuildConfiguration;
			buildSettings = {
				ALWAYS_SEARCH_USER_PATHS = NO;
				CLANG_CXX_LANGUAGE_STANDARD = "gnu++0x";
				CLANG_CXX_LIBRARY = "libc++";
				CLANG_ENABLE_MODULES = YES;
				CLANG_ENABLE_OBJC_ARC = YES;
				CLANG_WARN_BOOL_CONVERSION = YES;
				CLANG_WARN_CONSTANT_CONVERSION = YES;
				CLANG_WARN_DIRECT_OBJC_ISA_USAGE = YES_ERROR;
				CLANG_WARN_EMPTY_BODY = YES;
				CLANG_WARN_ENUM_CONVERSION = YES;
				CLANG_WARN_INT_CONVERSION = YES;
				CLANG_WARN_OBJC_ROOT_CLASS = YES_ERROR;
				CLANG_WARN__DUPLICATE_METHOD_MATCH = YES;
				"CODE_SIGN_IDENTITY[sdk=iphoneos*]" = "iPhone Developer";
				COPY_PHASE_STRIP = YES;
				ENABLE_NS_ASSERTIONS = NO;
				GCC_C_LANGUAGE_STANDARD = gnu99;
				GCC_WARN_64_TO_32_BIT_CONVERSION = YES;
				GCC_WARN_ABOUT_RETURN_TYPE = YES_ERROR;
				GCC_WARN_UNDECLARED_SELECTOR = YES;
				GCC_WARN_UNINITIALIZED_AUTOS = YES_AGGRESSIVE;
				GCC_WARN_UNUSED_FUNCTION = YES;
				GCC_WARN_UNUSED_VARIABLE = YES;
				IPHONEOS_DEPLOYMENT_TARGET = 7.1;
				SDKROOT = iphoneos;
				TARGETED_DEVICE_FAMILY = 2;
				VALIDATE_PRODUCT = YES;
			};
			name = Release;
		};
		764093F019912E96003337E2 /* Debug */ = {
			isa = XCBuildConfiguration;
			buildSettings = {
				ASSETCATALOG_COMPILER_APPICON_NAME = AppIcon;
				ASSETCATALOG_COMPILER_LAUNCHIMAGE_NAME = LaunchImage;
				GCC_PRECOMPILE_PREFIX_HEADER = YES;
				GCC_PREFIX_HEADER = "iosPractise/iosPractise-Prefix.pch";
				INFOPLIST_FILE = "iosPractise/iosPractise-Info.plist";
				PRODUCT_NAME = "$(TARGET_NAME)";
				WRAPPER_EXTENSION = app;
			};
			name = Debug;
		};
		764093F119912E96003337E2 /* Release */ = {
			isa = XCBuildConfiguration;
			buildSettings = {
				ASSETCATALOG_COMPILER_APPICON_NAME = AppIcon;
				ASSETCATALOG_COMPILER_LAUNCHIMAGE_NAME = LaunchImage;
				GCC_PRECOMPILE_PREFIX_HEADER = YES;
				GCC_PREFIX_HEADER = "iosPractise/iosPractise-Prefix.pch";
				INFOPLIST_FILE = "iosPractise/iosPractise-Info.plist";
				PRODUCT_NAME = "$(TARGET_NAME)";
				WRAPPER_EXTENSION = app;
			};
			name = Release;
		};
		764093F319912E96003337E2 /* Debug */ = {
			isa = XCBuildConfiguration;
			buildSettings = {
				BUNDLE_LOADER = "$(BUILT_PRODUCTS_DIR)/iosPractise.app/iosPractise";
				FRAMEWORK_SEARCH_PATHS = (
					"$(SDKROOT)/Developer/Library/Frameworks",
					"$(inherited)",
					"$(DEVELOPER_FRAMEWORKS_DIR)",
				);
				GCC_PRECOMPILE_PREFIX_HEADER = YES;
				GCC_PREFIX_HEADER = "iosPractise/iosPractise-Prefix.pch";
				GCC_PREPROCESSOR_DEFINITIONS = (
					"DEBUG=1",
					"$(inherited)",
				);
				INFOPLIST_FILE = "iosPractiseTests/iosPractiseTests-Info.plist";
				PRODUCT_NAME = "$(TARGET_NAME)";
				TEST_HOST = "$(BUNDLE_LOADER)";
				WRAPPER_EXTENSION = xctest;
			};
			name = Debug;
		};
		764093F419912E96003337E2 /* Release */ = {
			isa = XCBuildConfiguration;
			buildSettings = {
				BUNDLE_LOADER = "$(BUILT_PRODUCTS_DIR)/iosPractise.app/iosPractise";
				FRAMEWORK_SEARCH_PATHS = (
					"$(SDKROOT)/Developer/Library/Frameworks",
					"$(inherited)",
					"$(DEVELOPER_FRAMEWORKS_DIR)",
				);
				GCC_PRECOMPILE_PREFIX_HEADER = YES;
				GCC_PREFIX_HEADER = "iosPractise/iosPractise-Prefix.pch";
				INFOPLIST_FILE = "iosPractiseTests/iosPractiseTests-Info.plist";
				PRODUCT_NAME = "$(TARGET_NAME)";
				TEST_HOST = "$(BUNDLE_LOADER)";
				WRAPPER_EXTENSION = xctest;
			};
			name = Release;
		};
/* End XCBuildConfiguration section */

/* Begin XCConfigurationList section */
		764093B819912E95003337E2 /* Build configuration list for PBXProject "iosPractise" */ = {
			isa = XCConfigurationList;
			buildConfigurations = (
				764093ED19912E96003337E2 /* Debug */,
				764093EE19912E96003337E2 /* Release */,
			);
			defaultConfigurationIsVisible = 0;
			defaultConfigurationName = Release;
		};
		764093EF19912E96003337E2 /* Build configuration list for PBXNativeTarget "iosPractise" */ = {
			isa = XCConfigurationList;
			buildConfigurations = (
				764093F019912E96003337E2 /* Debug */,
				764093F119912E96003337E2 /* Release */,
			);
			defaultConfigurationIsVisible = 0;
		};
		764093F219912E96003337E2 /* Build configuration list for PBXNativeTarget "iosPractiseTests" */ = {
			isa = XCConfigurationList;
			buildConfigurations = (
				764093F319912E96003337E2 /* Debug */,
				764093F419912E96003337E2 /* Release */,
			);
			defaultConfigurationIsVisible = 0;
		};
/* End XCConfigurationList section */
	};
	rootObject = 764093B519912E95003337E2 /* Project object */;
}
